
Microsoft Visual Studio Solution File, Format Version 12.00
# Visual Studio 14
VisualStudioVersion = 14.0.23107.0
MinimumVisualStudioVersion = 10.0.40219.1
Project("{FAE04EC0-301F-11D3-BF4B-00C04F79EFBC}") = "SteamKnockoff", "SteamKnockoff\SteamKnockoff.csproj", "{9F999827-96CB-480A-83D1-8D6DE3EBB367}"
EndProject
Project("{FAE04EC0-301F-11D3-BF4B-00C04F79EFBC}") = "UnitTestProject1", "UnitTestProject1\UnitTestProject1.csproj", "{7BE4FC7C-63C4-473E-B531-98ECAEC9AD87}"
EndProject
Global
	GlobalSection(SolutionConfigurationPlatforms) = preSolution
		Debug|Any CPU = Debug|Any CPU
		Release|Any CPU = Release|Any CPU
	EndGlobalSection
	GlobalSection(ProjectConfigurationPlatforms) = postSolution
		{9F999827-96CB-480A-83D1-8D6DE3EBB367}.Debug|Any CPU.ActiveCfg = Debug|Any CPU
		{9F999827-96CB-480A-83D1-8D6DE3EBB367}.Debug|Any CPU.Build.0 = Debug|Any CPU
		{9F999827-96CB-480A-83D1-8D6DE3EBB367}.Release|Any CPU.ActiveCfg = Release|Any CPU
		{9F999827-96CB-480A-83D1-8D6DE3EBB367}.Release|Any CPU.Build.0 = Release|Any CPU
		{7BE4FC7C-63C4-473E-B531-98ECAEC9AD87}.Debug|Any CPU.ActiveCfg = Debug|Any CPU
		{7BE4FC7C-63C4-473E-B531-98ECAEC9AD87}.Debug|Any CPU.Build.0 = Debug|Any CPU
		{7BE4FC7C-63C4-473E-B531-98ECAEC9AD87}.Release|Any CPU.ActiveCfg = Release|Any CPU
		{7BE4FC7C-63C4-473E-B531-98ECAEC9AD87}.Release|Any CPU.Build.0 = Release|Any CPU
	EndGlobalSection
	GlobalSection(SolutionProperties) = preSolution
		HideSolutionNode = FALSE
	EndGlobalSection
EndGlobal
